lockfileVersion: '9.0'

settings:
  autoInstallPeers: true
  excludeLinksFromLockfile: false

importers:

  .:
    dependencies:
      '@zip.js/zip.js':
        specifier: 2.4.26
        version: 2.4.26
      fast-xml-parser:
        specifier: 5.8.0
        version: 5.8.0
    devDependencies:
      '@types/node':
        specifier: 25.0.0
        version: 25.0.0
      typescript:
        specifier: 6.0.3
        version: 6.0.3

packages:

  '@nodable/entities@2.2.0':
    resolution: {integrity: sha512-9uGyhaQavEUMC8AIddIjau4NsnsXhou+j5sBAGojCM1oxmQpVKTWR/9JxABD6UAv12vpIms55fPZKFQEhG6uBg==}

  '@types/node@25.0.0':
    resolution: {integrity: sha512-rl78HwuZlaDIUSeUKkmogkhebA+8K1Hy7tddZuJ3D0xV8pZSfsYGTsliGUol1JPzu9EKnTxPC4L1fiWouStRew==}

  '@zip.js/zip.js@2.4.26':
    resolution: {integrity: sha512-I9HBO3BHIxEMQmltmHM3iqUW6IHqi3gsL9wTSXvHTRpOrA6q2OxtR58EDSaOGjHhDVJ+wIOAxZyKq2x00AVmqw==}

  anynum@1.0.1:
    resolution: {integrity: sha512-N6//FLET/tXYNM/F6ABca1oH6fWB+KlTt909Le28WMDBk8oaT4vY17DCrwg2MvmuqUKt3Ni4N5dGJ/EoBgcO6A==}

  fast-xml-builder@1.3.0:
    resolution: {integrity: sha512-F74cZEdCvuw9P41GAC3rod4X04jjWGM1JPEv/GWSqFTWLsdyMSBMBMlm9Hk3GLBgLBbdBNY8yee0pQh2RBVESQ==}

  fast-xml-parser@5.8.0:
    resolution: {integrity: sha512-6bIM7fsJxeo3uXv7OncQYsBAMPJ7V16Slahl/6M98C/i2q+vB1+4a0MtrvYwDFEUrwDSbAmeLDRXsOBwrL7yAg==}
    hasBin: true

  path-expression-matcher@1.6.2:
    resolution: {integrity: sha512-enSlaiat05iasnzmgNxRj8reFdj3puY2QpNgP1aPIaVfT6nn9ICuPoFlKHk8EN22HcwewshO+mN2DGbkCEOtqQ==}
    engines: {node: '>=14.0.0'}

  strnum@2.4.1:
    resolution: {integrity: sha512-M9eUSMT2dCB2cTNPG7UYj6KuK7RJR2SN2+yCV/fTW3xzTCS6EaGZ5pSMgDIjB7r8zSfTGk+dvvn9rTjpVS9Mwg==}

  typescript@6.0.3:
    resolution: {integrity: sha512-y2TvuxSZPDyQakkFRPZHKFm+KKVqIisdg9/CZwm9ftvKXLP8NRWj38/ODjNbr43SsoXqNuAisEf1GdCxqWcdBw==}
    engines: {node: '>=14.17'}
    hasBin: true

  undici-types@7.16.0:
    resolution: {integrity: sha512-Zz+aZWSj8LE6zoxD+xrjh4VfkIG8Ya6LvYkZqtUQGJPZjYl53ypCaUwWqo7eI0x66KBGeRo+mlBEkMSeSZ38Nw==}

  xml-naming@0.1.0:
    resolution: {integrity: sha512-k8KO9hrMyNk6tUWqUfkTEZbezRRpONVOzUTnc97VnCvyj6Tf9lyUR9EDAIeiVLv56jsMcoXEwjW8Kv5yPY52lw==}
    engines: {node: '>=16.0.0'}

  xml-naming@0.3.0:
    resolution: {integrity: sha512-ghig2TBE/H11aOVgmahA3MhimvkBr6JIYknH/Dhdk10nXwdbIqBJsbfMxpvFPG8bAw77gN29aQWvKpmVoPlvPQ==}
    engines: {node: '>=16.0.0'}

snapshots:

  '@nodable/entities@2.2.0': {}

  '@types/node@25.0.0':
    dependencies:
      undici-types: 7.16.0

  '@zip.js/zip.js@2.4.26': {}

  anynum@1.0.1: {}

  fast-xml-builder@1.3.0:
    dependencies:
      path-expression-matcher: 1.6.2
      xml-naming: 0.3.0

  fast-xml-parser@5.8.0:
    dependencies:
      '@nodable/entities': 2.2.0
      fast-xml-builder: 1.3.0
      path-expression-matcher: 1.6.2
      strnum: 2.4.1
      xml-naming: 0.1.0

  path-expression-matcher@1.6.2: {}

  strnum@2.4.1:
    dependencies:
      anynum: 1.0.1

  typescript@6.0.3: {}

  undici-types@7.16.0: {}

  xml-naming@0.1.0: {}

  xml-naming@0.3.0: {}
